// !$*UTF8*$!
{
	archiveVersion = 1;
	classes = {
	};
	objectVersion = 50;
	objects = {

/* Begin PBXBuildFile section */
		661468102136F83500EC4009 /* MNLColor.m in Sources */ = {isa = PBXBuildFile; fileRef = 669371D32135802600A1CD5D /* MNLColor.m */; };
		661468112136F83500EC4009 /* MNLColorPalette.m in Sources */ = {isa = PBXBuildFile; fileRef = 669371D52135D54F00A1CD5D /* MNLColorPalette.m */; };
		661468122136F83500EC4009 /* MNLIOSColorPalette.m in Sources */ = {isa = PBXBuildFile; fileRef = 669371D72135D8CB00A1CD5D /* MNLIOSColorPalette.m */; };
		661468132136F83500EC4009 /* MNLMacOSColorPalette.m in Sources */ = {isa = PBXBuildFile; fileRef = 669371DA2135EBDC00A1CD5D /* MNLMacOSColorPalette.m */; };
		661468142136F83500EC4009 /* MNLWatchOSColorPalette.m in Sources */ = {isa = PBXBuildFile; fileRef = 669371DC2135F1B200A1CD5D /* MNLWatchOSColorPalette.m */; };
		661468152136F83700EC4009 /* MNLColor.h in Headers */ = {isa = PBXBuildFile; fileRef = 669371D121357F7A00A1CD5D /* MNLColor.h */; settings = {ATTRIBUTES = (Public, ); }; };
		6633C7D4213FC70A0004F083 /* MNLColor.swift in Sources */ = {isa = PBXBuildFile; fileRef = 6633C7D3213FC70A0004F083 /* MNLColor.swift */; };
		6633C7D5213FC70A0004F083 /* MNLColor.swift in Sources */ = {isa = PBXBuildFile; fileRef = 6633C7D3213FC70A0004F083 /* MNLColor.swift */; };
		6637F205213791320013BE4E /* MNL3BitColorPalette.m in Sources */ = {isa = PBXBuildFile; fileRef = 6637F204213791320013BE4E /* MNL3BitColorPalette.m */; };
		6637F206213791320013BE4E /* MNL3BitColorPalette.m in Sources */ = {isa = PBXBuildFile; fileRef = 6637F204213791320013BE4E /* MNL3BitColorPalette.m */; };
		6653AE60247CC2CD00A91AD1 /* MNLColor.h in Headers */ = {isa = PBXBuildFile; fileRef = 669371D121357F7A00A1CD5D /* MNLColor.h */; settings = {ATTRIBUTES = (Public, ); }; };
		6653AE62247CC2CD00A91AD1 /* MNLIOSColorPalette.m in Sources */ = {isa = PBXBuildFile; fileRef = 669371D72135D8CB00A1CD5D /* MNLIOSColorPalette.m */; };
		6653AE63247CC2CD00A91AD1 /* MNLMacOSColorPalette.m in Sources */ = {isa = PBXBuildFile; fileRef = 669371DA2135EBDC00A1CD5D /* MNLMacOSColorPalette.m */; };
		6653AE64247CC2CD00A91AD1 /* MNLColor.m in Sources */ = {isa = PBXBuildFile; fileRef = 669371D32135802600A1CD5D /* MNLColor.m */; };
		6653AE65247CC2CD00A91AD1 /* MNL3BitColorPalette.m in Sources */ = {isa = PBXBuildFile; fileRef = 6637F204213791320013BE4E /* MNL3BitColorPalette.m */; };
		6653AE66247CC2CD00A91AD1 /* MNLColorPalette.m in Sources */ = {isa = PBXBuildFile; fileRef = 669371D52135D54F00A1CD5D /* MNLColorPalette.m */; };
		6653AE67247CC2CD00A91AD1 /* MNLColor.swift in Sources */ = {isa = PBXBuildFile; fileRef = 6633C7D3213FC70A0004F083 /* MNLColor.swift */; };
		6653AE68247CC2CD00A91AD1 /* MNLWatchOSColorPalette.m in Sources */ = {isa = PBXBuildFile; fileRef = 669371DC2135F1B200A1CD5D /* MNLWatchOSColorPalette.m */; };
		6653AE72247CC50D00A91AD1 /* MNLColor.h in Headers */ = {isa = PBXBuildFile; fileRef = 669371D121357F7A00A1CD5D /* MNLColor.h */; settings = {ATTRIBUTES = (Public, ); }; };
		6653AE74247CC50D00A91AD1 /* MNLIOSColorPalette.m in Sources */ = {isa = PBXBuildFile; fileRef = 669371D72135D8CB00A1CD5D /* MNLIOSColorPalette.m */; };
		6653AE75247CC50D00A91AD1 /* MNLMacOSColorPalette.m in Sources */ = {isa = PBXBuildFile; fileRef = 669371DA2135EBDC00A1CD5D /* MNLMacOSColorPalette.m */; };
		6653AE76247CC50D00A91AD1 /* MNLColor.m in Sources */ = {isa = PBXBuildFile; fileRef = 669371D32135802600A1CD5D /* MNLColor.m */; };
		6653AE77247CC50D00A91AD1 /* MNL3BitColorPalette.m in Sources */ = {isa = PBXBuildFile; fileRef = 6637F204213791320013BE4E /* MNL3BitColorPalette.m */; };
		6653AE78247CC50D00A91AD1 /* MNLColorPalette.m in Sources */ = {isa = PBXBuildFile; fileRef = 669371D52135D54F00A1CD5D /* MNLColorPalette.m */; };
		6653AE79247CC50D00A91AD1 /* MNLColor.swift in Sources */ = {isa = PBXBuildFile; fileRef = 6633C7D3213FC70A0004F083 /* MNLColor.swift */; };
		6653AE7A247CC50D00A91AD1 /* MNLWatchOSColorPalette.m in Sources */ = {isa = PBXBuildFile; fileRef = 669371DC2135F1B200A1CD5D /* MNLWatchOSColorPalette.m */; };
		669371D221357FAD00A1CD5D /* MNLColor.h in Headers */ = {isa = PBXBuildFile; fileRef = 669371D121357F7A00A1CD5D /* MNLColor.h */; settings = {ATTRIBUTES = (Public, ); }; };
		669371D42135802600A1CD5D /* MNLColor.m in Sources */ = {isa = PBXBuildFile; fileRef = 669371D32135802600A1CD5D /* MNLColor.m */; };
		669371D62135D54F00A1CD5D /* MNLColorPalette.m in Sources */ = {isa = PBXBuildFile; fileRef = 669371D52135D54F00A1CD5D /* MNLColorPalette.m */; };
		669371D82135D8CB00A1CD5D /* MNLIOSColorPalette.m in Sources */ = {isa = PBXBuildFile; fileRef = 669371D72135D8CB00A1CD5D /* MNLIOSColorPalette.m */; };
		669371DB2135EBDC00A1CD5D /* MNLMacOSColorPalette.m in Sources */ = {isa = PBXBuildFile; fileRef = 669371DA2135EBDC00A1CD5D /* MNLMacOSColorPalette.m */; };
		669371DD2135F1B200A1CD5D /* MNLWatchOSColorPalette.m in Sources */ = {isa = PBXBuildFile; fileRef = 669371DC2135F1B200A1CD5D /* MNLWatchOSColorPalette.m */; };
/* End PBXBuildFile section */

/* Begin PBXFileReference section */
		661468082136F72F00EC4009 /* MNLColor.framework */ = {isa = PBXFileReference; explicitFileType = wrapper.framework; includeInIndex = 0; path = MNLColor.framework; sourceTree = BUILT_PRODUCTS_DIR; };
		6633C7D3213FC70A0004F083 /* MNLColor.swift */ = {isa = PBXFileReference; lastKnownFileType = sourcecode.swift; path = MNLColor.swift; sourceTree = "<group>"; };
		6637F204213791320013BE4E /* MNL3BitColorPalette.m */ = {isa = PBXFileReference; lastKnownFileType = sourcecode.c.objc; path = MNL3BitColorPalette.m; sourceTree = "<group>"; };
		6653AE6E247CC2CD00A91AD1 /* MNLColor.framework */ = {isa = PBXFileReference; explicitFileType = wrapper.framework; includeInIndex = 0; path = MNLColor.framework; sourceTree = BUILT_PRODUCTS_DIR; };
		6653AE80247CC50D00A91AD1 /* MNLColor.framework */ = {isa = PBXFileReference; explicitFileType = wrapper.framework; includeInIndex = 0; path = MNLColor.framework; sourceTree = BUILT_PRODUCTS_DIR; };
		669371C821357EC800A1CD5D /* MNLColor.framework */ = {isa = PBXFileReference; explicitFileType = wrapper.framework; includeInIndex = 0; path = MNLColor.framework; sourceTree = BUILT_PRODUCTS_DIR; };
		669371D121357F7A00A1CD5D /* MNLColor.h */ = {isa = PBXFileReference; lastKnownFileType = sourcecode.c.h; path = MNLColor.h; sourceTree = "<group>"; };
		669371D32135802600A1CD5D /* MNLColor.m */ = {isa = PBXFileReference; lastKnownFileType = sourcecode.c.objc; path = MNLColor.m; sourceTree = "<group>"; };
		669371D52135D54F00A1CD5D /* MNLColorPalette.m */ = {isa = PBXFileReference; lastKnownFileType = sourcecode.c.objc; path = MNLColorPalette.m; sourceTree = "<group>"; };
		669371D72135D8CB00A1CD5D /* MNLIOSColorPalette.m */ = {isa = PBXFileReference; lastKnownFileType = sourcecode.c.objc; path = MNLIOSColorPalette.m; sourceTree = "<group>"; };
		669371D92135E3EB00A1CD5D /* MNLColorInternal.h */ = {isa = PBXFileReference; lastKnownFileType = sourcecode.c.h; path = MNLColorInternal.h; sourceTree = "<group>"; };
		669371DA2135EBDC00A1CD5D /* MNLMacOSColorPalette.m */ = {isa = PBXFileReference; lastKnownFileType = sourcecode.c.objc; path = MNLMacOSColorPalette.m; sourceTree = "<group>"; };
		669371DC2135F1B200A1CD5D /* MNLWatchOSColorPalette.m */ = {isa = PBXFileReference; lastKnownFileType = sourcecode.c.objc; path = MNLWatchOSColorPalette.m; sourceTree = "<group>"; };
/* End PBXFileReference section */

/* Begin PBXFrameworksBuildPhase section */
		661468052136F72F00EC4009 /* Frameworks */ = {
			isa = PBXFrameworksBuildPhase;
			buildActionMask = 2147483647;
			files = (
			);
			runOnlyForDeploymentPostprocessing = 0;
		};
		6653AE69247CC2CD00A91AD1 /* Frameworks */ = {
			isa = PBXFrameworksBuildPhase;
			buildActionMask = 2147483647;
			files = (
			);
			runOnlyForDeploymentPostprocessing = 0;
		};
		6653AE7B247CC50D00A91AD1 /* Frameworks */ = {
			isa = PBXFrameworksBuildPhase;
			buildActionMask = 2147483647;
			files = (
			);
			runOnlyForDeploymentPostprocessing = 0;
		};
		669371C521357EC800A1CD5D /* Frameworks */ = {
			isa = PBXFrameworksBuildPhase;
			buildActionMask = 2147483647;
			files = (
			);
			runOnlyForDeploymentPostprocessing = 0;
		};
/* End PBXFrameworksBuildPhase section */

/* Begin PBXGroup section */
		669371BA2135774C00A1CD5D = {
			isa = PBXGroup;
			children = (
				669371CA21357EC800A1CD5D /* MNLColor */,
				669371C921357EC800A1CD5D /* Products */,
			);
			sourceTree = "<group>";
		};
		669371C921357EC800A1CD5D /* Products */ = {
			isa = PBXGroup;
			children = (
				669371C821357EC800A1CD5D /* MNLColor.framework */,
				661468082136F72F00EC4009 /* MNLColor.framework */,
				6653AE6E247CC2CD00A91AD1 /* MNLColor.framework */,
				6653AE80247CC50D00A91AD1 /* MNLColor.framework */,
			);
			name = Products;
			sourceTree = "<group>";
		};
		669371CA21357EC800A1CD5D /* MNLColor */ = {
			isa = PBXGroup;
			children = (
				669371D121357F7A00A1CD5D /* MNLColor.h */,
				669371D92135E3EB00A1CD5D /* MNLColorInternal.h */,
				669371D32135802600A1CD5D /* MNLColor.m */,
				669371D52135D54F00A1CD5D /* MNLColorPalette.m */,
				6637F204213791320013BE4E /* MNL3BitColorPalette.m */,
				669371D72135D8CB00A1CD5D /* MNLIOSColorPalette.m */,
				669371DA2135EBDC00A1CD5D /* MNLMacOSColorPalette.m */,
				669371DC2135F1B200A1CD5D /* MNLWatchOSColorPalette.m */,
				6633C7D3213FC70A0004F083 /* MNLColor.swift */,
			);
			name = MNLColor;
			sourceTree = "<group>";
		};
/* End PBXGroup section */

/* Begin PBXHeadersBuildPhase section */
		661468032136F72F00EC4009 /* Headers */ = {
			isa = PBXHeadersBuildPhase;
			buildActionMask = 2147483647;
			files = (
				661468152136F83700EC4009 /* MNLColor.h in Headers */,
			);
			runOnlyForDeploymentPostprocessing = 0;
		};
		6653AE5F247CC2CD00A91AD1 /* Headers */ = {
			isa = PBXHeadersBuildPhase;
			buildActionMask = 2147483647;
			files = (
				6653AE60247CC2CD00A91AD1 /* MNLColor.h in Headers */,
			);
			runOnlyForDeploymentPostprocessing = 0;
		};
		6653AE71247CC50D00A91AD1 /* Headers */ = {
			isa = PBXHeadersBuildPhase;
			buildActionMask = 2147483647;
			files = (
				6653AE72247CC50D00A91AD1 /* MNLColor.h in Headers */,
			);
			runOnlyForDeploymentPostprocessing = 0;
		};
		669371C321357EC800A1CD5D /* Headers */ = {
			isa = PBXHeadersBuildPhase;
			buildActionMask = 2147483647;
			files = (
				669371D221357FAD00A1CD5D /* MNLColor.h in Headers */,
			);
			runOnlyForDeploymentPostprocessing = 0;
		};
/* End PBXHeadersBuildPhase section */

/* Begin PBXNativeTarget section */
		661468072136F72F00EC4009 /* MNLColor.macOS */ = {
			isa = PBXNativeTarget;
			buildConfigurationList = 6614680D2136F72F00EC4009 /* Build configuration list for PBXNativeTarget "MNLColor.macOS" */;
			buildPhases = (
				661468032136F72F00EC4009 /* Headers */,
				661468042136F72F00EC4009 /* Sources */,
				661468052136F72F00EC4009 /* Frameworks */,
				661468062136F72F00EC4009 /* Resources */,
			);
			buildRules = (
			);
			dependencies = (
			);
			name = MNLColor.macOS;
			productName = MNLColor;
			productReference = 661468082136F72F00EC4009 /* MNLColor.framework */;
			productType = "com.apple.product-type.framework";
		};
		6653AE5E247CC2CD00A91AD1 /* MNLColor.watchOS */ = {
			isa = PBXNativeTarget;
			buildConfigurationList = 6653AE6B247CC2CD00A91AD1 /* Build configuration list for PBXNativeTarget "MNLColor.watchOS" */;
			buildPhases = (
				6653AE5F247CC2CD00A91AD1 /* Headers */,
				6653AE61247CC2CD00A91AD1 /* Sources */,
				6653AE69247CC2CD00A91AD1 /* Frameworks */,
				6653AE6A247CC2CD00A91AD1 /* Resources */,
			);
			buildRules = (
			);
			dependencies = (
			);
			name = MNLColor.watchOS;
			productName = MNLColor;
			productReference = 6653AE6E247CC2CD00A91AD1 /* MNLColor.framework */;
			productType = "com.apple.product-type.framework";
		};
		6653AE70247CC50D00A91AD1 /* MNLColor.tvOS */ = {
			isa = PBXNativeTarget;
			buildConfigurationList = 6653AE7D247CC50D00A91AD1 /* Build configuration list for PBXNativeTarget "MNLColor.tvOS" */;
			buildPhases = (
				6653AE71247CC50D00A91AD1 /* Headers */,
				6653AE73247CC50D00A91AD1 /* Sources */,
				6653AE7B247CC50D00A91AD1 /* Frameworks */,
				6653AE7C247CC50D00A91AD1 /* Resources */,
			);
			buildRules = (
			);
			dependencies = (
			);
			name = MNLColor.tvOS;
			productName = MNLColor;
			productReference = 6653AE80247CC50D00A91AD1 /* MNLColor.framework */;
			productType = "com.apple.product-type.framework";
		};
		669371C721357EC800A1CD5D /* MNLColor.iOS */ = {
			isa = PBXNativeTarget;
			buildConfigurationList = 669371CE21357EC800A1CD5D /* Build configuration list for PBXNativeTarget "MNLColor.iOS" */;
			buildPhases = (
				669371C321357EC800A1CD5D /* Headers */,
				669371C421357EC800A1CD5D /* Sources */,
				669371C521357EC800A1CD5D /* Frameworks */,
				669371C621357EC800A1CD5D /* Resources */,
			);
			buildRules = (
			);
			dependencies = (
			);
			name = MNLColor.iOS;
			productName = MNLColor;
			productReference = 669371C821357EC800A1CD5D /* MNLColor.framework */;
			productType = "com.apple.product-type.framework";
		};
/* End PBXNativeTarget section */

/* Begin PBXProject section */
		669371BB2135774C00A1CD5D /* Project object */ = {
			isa = PBXProject;
			attributes = {
				LastSwiftUpdateCheck = 1000;
				LastUpgradeCheck = 1150;
				TargetAttributes = {
					661468072136F72F00EC4009 = {
						CreatedOnToolsVersion = 10.0;
						LastSwiftMigration = 0940;
					};
					669371C721357EC800A1CD5D = {
						CreatedOnToolsVersion = 10.0;
						LastSwiftMigration = 0940;
					};
				};
			};
			buildConfigurationList = 669371BE2135774C00A1CD5D /* Build configuration list for PBXProject "MNLColor" */;
			compatibilityVersion = "Xcode 9.3";
			developmentRegion = en;
			hasScannedForEncodings = 0;
			knownRegions = (
				en,
				Base,
			);
			mainGroup = 669371BA2135774C00A1CD5D;
			productRefGroup = 669371C921357EC800A1CD5D /* Products */;
			projectDirPath = "";
			projectRoot = "";
			targets = (
				669371C721357EC800A1CD5D /* MNLColor.iOS */,
				661468072136F72F00EC4009 /* MNLColor.macOS */,
				6653AE70247CC50D00A91AD1 /* MNLColor.tvOS */,
				6653AE5E247CC2CD00A91AD1 /* MNLColor.watchOS */,
			);
		};
/* End PBXProject section */

/* Begin PBXResourcesBuildPhase section */
		661468062136F72F00EC4009 /* Resources */ = {
			isa = PBXResourcesBuildPhase;
			buildActionMask = 2147483647;
			files = (
			);
			runOnlyForDeploymentPostprocessing = 0;
		};
		6653AE6A247CC2CD00A91AD1 /* Resources */ = {
			isa = PBXResourcesBuildPhase;
			buildActionMask = 2147483647;
			files = (
			);
			runOnlyForDeploymentPostprocessing = 0;
		};
		6653AE7C247CC50D00A91AD1 /* Resources */ = {
			isa = PBXResourcesBuildPhase;
			buildActionMask = 2147483647;
			files = (
			);
			runOnlyForDeploymentPostprocessing = 0;
		};
		669371C621357EC800A1CD5D /* Resources */ = {
			isa = PBXResourcesBuildPhase;
			buildActionMask = 2147483647;
			files = (
			);
			runOnlyForDeploymentPostprocessing = 0;
		};
/* End PBXResourcesBuildPhase section */

/* Begin PBXSourcesBuildPhase section */
		661468042136F72F00EC4009 /* Sources */ = {
			isa = PBXSourcesBuildPhase;
			buildActionMask = 2147483647;
			files = (
				661468122136F83500EC4009 /* MNLIOSColorPalette.m in Sources */,
				661468132136F83500EC4009 /* MNLMacOSColorPalette.m in Sources */,
				661468102136F83500EC4009 /* MNLColor.m in Sources */,
				6637F206213791320013BE4E /* MNL3BitColorPalette.m in Sources */,
				661468112136F83500EC4009 /* MNLColorPalette.m in Sources */,
				6633C7D5213FC70A0004F083 /* MNLColor.swift in Sources */,
				661468142136F83500EC4009 /* MNLWatchOSColorPalette.m in Sources */,
			);
			runOnlyForDeploymentPostprocessing = 0;
		};
		6653AE61247CC2CD00A91AD1 /* Sources */ = {
			isa = PBXSourcesBuildPhase;
			buildActionMask = 2147483647;
			files = (
				6653AE62247CC2CD00A91AD1 /* MNLIOSColorPalette.m in Sources */,
				6653AE63247CC2CD00A91AD1 /* MNLMacOSColorPalette.m in Sources */,
				6653AE64247CC2CD00A91AD1 /* MNLColor.m in Sources */,
				6653AE65247CC2CD00A91AD1 /* MNL3BitColorPalette.m in Sources */,
				6653AE66247CC2CD00A91AD1 /* MNLColorPalette.m in Sources */,
				6653AE67247CC2CD00A91AD1 /* MNLColor.swift in Sources */,
				6653AE68247CC2CD00A91AD1 /* MNLWatchOSColorPalette.m in Sources */,
			);
			runOnlyForDeploymentPostprocessing = 0;
		};
		6653AE73247CC50D00A91AD1 /* Sources */ = {
			isa = PBXSourcesBuildPhase;
			buildActionMask = 2147483647;
			files = (
				6653AE74247CC50D00A91AD1 /* MNLIOSColorPalette.m in Sources */,
				6653AE75247CC50D00A91AD1 /* MNLMacOSColorPalette.m in Sources */,
				6653AE76247CC50D00A91AD1 /* MNLColor.m in Sources */,
				6653AE77247CC50D00A91AD1 /* MNL3BitColorPalette.m in Sources */,
				6653AE78247CC50D00A91AD1 /* MNLColorPalette.m in Sources */,
				6653AE79247CC50D00A91AD1 /* MNLColor.swift in Sources */,
				6653AE7A247CC50D00A91AD1 /* MNLWatchOSColorPalette.m in Sources */,
			);
			runOnlyForDeploymentPostprocessing = 0;
		};
		669371C421357EC800A1CD5D /* Sources */ = {
			isa = PBXSourcesBuildPhase;
			buildActionMask = 2147483647;
			files = (
				669371D82135D8CB00A1CD5D /* MNLIOSColorPalette.m in Sources */,
				669371DB2135EBDC00A1CD5D /* MNLMacOSColorPalette.m in Sources */,
				669371D42135802600A1CD5D /* MNLColor.m in Sources */,
				6637F205213791320013BE4E /* MNL3BitColorPalette.m in Sources */,
				669371D62135D54F00A1CD5D /* MNLColorPalette.m in Sources */,
				6633C7D4213FC70A0004F083 /* MNLColor.swift in Sources */,
				669371DD2135F1B200A1CD5D /* MNLWatchOSColorPalette.m in Sources */,
			);
			runOnlyForDeploymentPostprocessing = 0;
		};
/* End PBXSourcesBuildPhase section */

/* Begin XCBuildConfiguration section */
		6614680E2136F72F00EC4009 /* Debug */ = {
			isa = XCBuildConfiguration;
			buildSettings = {
				COPY_PHASE_STRIP = NO;
				DYLIB_INSTALL_NAME_BASE = "@rpath";
				INSTALL_PATH = "$(LOCAL_LIBRARY_DIR)/Frameworks";
				LD_RUNPATH_SEARCH_PATHS = (
					"$(inherited)",
					"@executable_path/../Frameworks",
					"@loader_path/Frameworks",
				);
				MACH_O_TYPE = staticlib;
				PRODUCT_BUNDLE_IDENTIFIER = moe.minacle.dl.color.macos;
				SDKROOT = macosx;
				SKIP_INSTALL = YES;
			};
			name = Debug;
		};
		6614680F2136F72F00EC4009 /* Release */ = {
			isa = XCBuildConfiguration;
			buildSettings = {
				COPY_PHASE_STRIP = NO;
				DYLIB_INSTALL_NAME_BASE = "@rpath";
				INSTALL_PATH = "$(LOCAL_LIBRARY_DIR)/Frameworks";
				LD_RUNPATH_SEARCH_PATHS = (
					"$(inherited)",
					"@executable_path/../Frameworks",
					"@loader_path/Frameworks",
				);
				MACH_O_TYPE = staticlib;
				PRODUCT_BUNDLE_IDENTIFIER = moe.minacle.dl.color.macos;
				SDKROOT = macosx;
				SKIP_INSTALL = YES;
			};
			name = Release;
		};
		6653AE6C247CC2CD00A91AD1 /* Debug */ = {
			isa = XCBuildConfiguration;
			buildSettings = {
				COPY_PHASE_STRIP = NO;
				DYLIB_INSTALL_NAME_BASE = "@rpath";
				INSTALL_PATH = "$(LOCAL_LIBRARY_DIR)/Frameworks";
				LD_RUNPATH_SEARCH_PATHS = (
					"$(inherited)",
					"@executable_path/Frameworks",
					"@loader_path/Frameworks",
				);
				MACH_O_TYPE = staticlib;
				PRODUCT_BUNDLE_IDENTIFIER = moe.minacle.dl.color.watchos;
				SDKROOT = watchos;
				SKIP_INSTALL = YES;
				TARGETED_DEVICE_FAMILY = 4;
			};
			name = Debug;
		};
		6653AE6D247CC2CD00A91AD1 /* Release */ = {
			isa = XCBuildConfiguration;
			buildSettings = {
				COPY_PHASE_STRIP = NO;
				DYLIB_INSTALL_NAME_BASE = "@rpath";
				INSTALL_PATH = "$(LOCAL_LIBRARY_DIR)/Frameworks";
				LD_RUNPATH_SEARCH_PATHS = (
					"$(inherited)",
					"@executable_path/Frameworks",
					"@loader_path/Frameworks",
				);
				MACH_O_TYPE = staticlib;
				PRODUCT_BUNDLE_IDENTIFIER = moe.minacle.dl.color.watchos;
				SDKROOT = watchos;
				SKIP_INSTALL = YES;
				TARGETED_DEVICE_FAMILY = 4;
			};
			name = Release;
		};
		6653AE7E247CC50D00A91AD1 /* Debug */ = {
			isa = XCBuildConfiguration;
			buildSettings = {
				COPY_PHASE_STRIP = NO;
				DYLIB_INSTALL_NAME_BASE = "@rpath";
				INSTALL_PATH = "$(LOCAL_LIBRARY_DIR)/Frameworks";
				LD_RUNPATH_SEARCH_PATHS = (
					"$(inherited)",
					"@executable_path/Frameworks",
					"@loader_path/Frameworks",
				);
				MACH_O_TYPE = staticlib;
				PRODUCT_BUNDLE_IDENTIFIER = moe.minacle.dl.color.tvos;
				SDKROOT = appletvos;
				SKIP_INSTALL = YES;
				TARGETED_DEVICE_FAMILY = "3,5";
			};
			name = Debug;
		};
		6653AE7F247CC50D00A91AD1 /* Release */ = {
			isa = XCBuildConfiguration;
			buildSettings = {
				COPY_PHASE_STRIP = NO;
				DYLIB_INSTALL_NAME_BASE = "@rpath";
				INSTALL_PATH = "$(LOCAL_LIBRARY_DIR)/Frameworks";
				LD_RUNPATH_SEARCH_PATHS = (
					"$(inherited)",
					"@executable_path/Frameworks",
					"@loader_path/Frameworks",
				);
				MACH_O_TYPE = staticlib;
				PRODUCT_BUNDLE_IDENTIFIER = moe.minacle.dl.color.tvos;
				SDKROOT = appletvos;
				SKIP_INSTALL = YES;
				TARGETED_DEVICE_FAMILY = "3,5";
			};
			name = Release;
		};
		669371BF2135774C00A1CD5D /* Debug */ = {
			isa = XCBuildConfiguration;
			buildSettings = {
				ALWAYS_EMBED_SWIFT_STANDARD_LIBRARIES = YES;
				ALWAYS_SEARCH_USER_PATHS = NO;
				CLANG_ANALYZER_NONNULL = YES;
				CLANG_ANALYZER_NUMBER_OBJECT_CONVERSION = YES;
				CLANG_ENABLE_MODULES = YES;
				CLANG_ENABLE_OBJC_WEAK = YES;
				CLANG_WARN_BLOCK_CAPTURE_AUTORELEASING = YES_ERROR;
				CLANG_WARN_BOOL_CONVERSION = YES;
				CLANG_WARN_COMMA = YES;
				CLANG_WARN_CONSTANT_CONVERSION = YES;
				CLANG_WARN_DEPRECATED_OBJC_IMPLEMENTATIONS = YES;
				CLANG_WARN_DIRECT_OBJC_ISA_USAGE = YES;
				CLANG_WARN_DOCUMENTATION_COMMENTS = YES;
				CLANG_WARN_EMPTY_BODY = YES;
				CLANG_WARN_ENUM_CONVERSION = YES;
				CLANG_WARN_INFINITE_RECURSION = YES;
				CLANG_WARN_INT_CONVERSION = YES;
				CLANG_WARN_NON_LITERAL_NULL_CONVERSION = YES;
				CLANG_WARN_OBJC_IMPLICIT_RETAIN_SELF = YES;
				CLANG_WARN_OBJC_LITERAL_CONVERSION = YES_ERROR;
				CLANG_WARN_OBJC_ROOT_CLASS = YES;
				CLANG_WARN_RANGE_LOOP_ANALYSIS = YES;
				CLANG_WARN_STRICT_PROTOTYPES = YES_ERROR;
				CLANG_WARN_SUSPICIOUS_MOVE = YES;
				CLANG_WARN_UNGUARDED_AVAILABILITY = YES_AGGRESSIVE;
				CLANG_WARN_UNREACHABLE_CODE = YES_AGGRESSIVE;
				CLANG_WARN__DUPLICATE_METHOD_MATCH = YES;
				CODE_SIGN_IDENTITY = "";
				CODE_SIGN_STYLE = Manual;
				CURRENT_PROJECT_VERSION = 14;
				DEBUG_INFORMATION_FORMAT = dwarf;
				DEFINES_MODULE = YES;
				DEVELOPMENT_TEAM = "";
				DYLIB_COMPATIBILITY_VERSION = 2.0.0;
				DYLIB_CURRENT_VERSION = "$(CURRENT_PROJECT_VERSION)";
				ENABLE_STRICT_OBJC_MSGSEND = YES;
				ENABLE_TESTABILITY = YES;
				GCC_C_LANGUAGE_STANDARD = c11;
				GCC_DYNAMIC_NO_PIC = NO;
				GCC_NO_COMMON_BLOCKS = YES;
				GCC_OPTIMIZATION_LEVEL = 0;
				GCC_PREPROCESSOR_DEFINITIONS = (
					"DEBUG=1",
					"$(inherited)",
				);
				GCC_WARN_64_TO_32_BIT_CONVERSION = YES_ERROR;
				GCC_WARN_ABOUT_RETURN_TYPE = YES;
				GCC_WARN_UNDECLARED_SELECTOR = YES;
				GCC_WARN_UNINITIALIZED_AUTOS = YES_AGGRESSIVE;
				GCC_WARN_UNUSED_FUNCTION = YES;
				GCC_WARN_UNUSED_VARIABLE = YES;
				INFOPLIST_FILE = "$(PROJECT_NAME).xcodeproj/Info.plist";
				IPHONEOS_DEPLOYMENT_TARGET = 10.0;
				MACOSX_DEPLOYMENT_TARGET = 10.12;
				MTL_ENABLE_DEBUG_INFO = INCLUDE_SOURCE;
				ONLY_ACTIVE_ARCH = YES;
				OTHER_LDFLAGS = "-ObjC";
				PRODUCT_NAME = "$(PROJECT_NAME)";
				PROVISIONING_PROFILE_SPECIFIER = "";
				SWIFT_OPTIMIZATION_LEVEL = "-Onone";
				SWIFT_VERSION = 5.0;
				TVOS_DEPLOYMENT_TARGET = 10.0;
				VERSIONING_SYSTEM = "apple-generic";
				WARNING_CFLAGS = (
					"-Wno-incompatible-pointer-types",
					"-Wno-parentheses",
					"-Wno-switch",
					"-Wno-varargs",
				);
				WATCHOS_DEPLOYMENT_TARGET = 3.0;
			};
			name = Debug;
		};
		669371C02135774C00A1CD5D /* Release */ = {
			isa = XCBuildConfiguration;
			buildSettings = {
				ALWAYS_SEARCH_USER_PATHS = NO;
				CLANG_ANALYZER_NONNULL = YES;
				CLANG_ANALYZER_NUMBER_OBJECT_CONVERSION = YES;
				CLANG_ENABLE_MODULES = YES;
				CLANG_ENABLE_OBJC_WEAK = YES;
				CLANG_WARN_BLOCK_CAPTURE_AUTORELEASING = YES_ERROR;
				CLANG_WARN_BOOL_CONVERSION = YES;
				CLANG_WARN_COMMA = YES;
				CLANG_WARN_CONSTANT_CONVERSION = YES;
				CLANG_WARN_DEPRECATED_OBJC_IMPLEMENTATIONS = YES;
				CLANG_WARN_DIRECT_OBJC_ISA_USAGE = YES;
				CLANG_WARN_DOCUMENTATION_COMMENTS = YES;
				CLANG_WARN_EMPTY_BODY = YES;
				CLANG_WARN_ENUM_CONVERSION = YES;
				CLANG_WARN_INFINITE_RECURSION = YES;
				CLANG_WARN_INT_CONVERSION = YES;
				CLANG_WARN_NON_LITERAL_NULL_CONVERSION = YES;
				CLANG_WARN_OBJC_IMPLICIT_RETAIN_SELF = YES;
				CLANG_WARN_OBJC_LITERAL_CONVERSION = YES_ERROR;
				CLANG_WARN_OBJC_ROOT_CLASS = YES;
				CLANG_WARN_RANGE_LOOP_ANALYSIS = YES;
				CLANG_WARN_STRICT_PROTOTYPES = YES_ERROR;
				CLANG_WARN_SUSPICIOUS_MOVE = YES;
				CLANG_WARN_UNGUARDED_AVAILABILITY = YES_AGGRESSIVE;
				CLANG_WARN_UNREACHABLE_CODE = YES_AGGRESSIVE;
				CLANG_WARN__DUPLICATE_METHOD_MATCH = YES;
				CODE_SIGN_IDENTITY = "";
				CODE_SIGN_STYLE = Manual;
				CURRENT_PROJECT_VERSION = 14;
				DEBUG_INFORMATION_FORMAT = "dwarf-with-dsym";
				DEFINES_MODULE = YES;
				DEVELOPMENT_TEAM = "";
				DYLIB_COMPATIBILITY_VERSION = 2.0.0;
				DYLIB_CURRENT_VERSION = "$(CURRENT_PROJECT_VERSION)";
				ENABLE_NS_ASSERTIONS = NO;
				ENABLE_STRICT_OBJC_MSGSEND = YES;
				ENABLE_TESTABILITY = NO;
				GCC_C_LANGUAGE_STANDARD = c11;
				GCC_DYNAMIC_NO_PIC = NO;
				GCC_NO_COMMON_BLOCKS = YES;
				GCC_OPTIMIZATION_LEVEL = s;
				GCC_WARN_64_TO_32_BIT_CONVERSION = YES_ERROR;
				GCC_WARN_ABOUT_RETURN_TYPE = YES;
				GCC_WARN_UNDECLARED_SELECTOR = YES;
				GCC_WARN_UNINITIALIZED_AUTOS = YES_AGGRESSIVE;
				GCC_WARN_UNUSED_FUNCTION = YES;
				GCC_WARN_UNUSED_VARIABLE = YES;
				INFOPLIST_FILE = "$(PROJECT_NAME).xcodeproj/Info.plist";
				IPHONEOS_DEPLOYMENT_TARGET = 10.0;
				MACOSX_DEPLOYMENT_TARGET = 10.12;
				MTL_ENABLE_DEBUG_INFO = NO;
				ONLY_ACTIVE_ARCH = NO;
				OTHER_LDFLAGS = "-ObjC";
				PRODUCT_NAME = "$(PROJECT_NAME)";
				PROVISIONING_PROFILE_SPECIFIER = "";
				SWIFT_COMPILATION_MODE = wholemodule;
				SWIFT_OPTIMIZATION_LEVEL = "-O";
				SWIFT_VERSION = 5.0;
				TVOS_DEPLOYMENT_TARGET = 10.0;
				VALIDATE_PRODUCT = YES;
				VERSIONING_SYSTEM = "apple-generic";
				WARNING_CFLAGS = (
					"-Wno-incompatible-pointer-types",
					"-Wno-parentheses",
					"-Wno-switch",
					"-Wno-varargs",
				);
				WATCHOS_DEPLOYMENT_TARGET = 3.0;
			};
			name = Release;
		};
		669371CF21357EC800A1CD5D /* Debug */ = {
			isa = XCBuildConfiguration;
			buildSettings = {
				COPY_PHASE_STRIP = NO;
				DYLIB_INSTALL_NAME_BASE = "@rpath";
				INSTALL_PATH = "$(LOCAL_LIBRARY_DIR)/Frameworks";
				LD_RUNPATH_SEARCH_PATHS = (
					"$(inherited)",
					"@executable_path/Frameworks",
					"@loader_path/Frameworks",
				);
				MACH_O_TYPE = staticlib;
				PRODUCT_BUNDLE_IDENTIFIER = moe.minacle.dl.color.ios;
				SDKROOT = iphoneos;
				SKIP_INSTALL = YES;
				TARGETED_DEVICE_FAMILY = "1,2,5";
			};
			name = Debug;
		};
		669371D021357EC800A1CD5D /* Release */ = {
			isa = XCBuildConfiguration;
			buildSettings = {
				COPY_PHASE_STRIP = NO;
				DYLIB_INSTALL_NAME_BASE = "@rpath";
				INSTALL_PATH = "$(LOCAL_LIBRARY_DIR)/Frameworks";
				LD_RUNPATH_SEARCH_PATHS = (
					"$(inherited)",
					"@executable_path/Frameworks",
					"@loader_path/Frameworks",
				);
				MACH_O_TYPE = staticlib;
				PRODUCT_BUNDLE_IDENTIFIER = moe.minacle.dl.color.ios;
				SDKROOT = iphoneos;
				SKIP_INSTALL = YES;
				TARGETED_DEVICE_FAMILY = "1,2,5";
			};
			name = Release;
		};
/* End XCBuildConfiguration section */

/* Begin XCConfigurationList section */
		6614680D2136F72F00EC4009 /* Build configuration list for PBXNativeTarget "MNLColor.macOS" */ = {
			isa = XCConfigurationList;
			buildConfigurations = (
				6614680E2136F72F00EC4009 /* Debug */,
				6614680F2136F72F00EC4009 /* Release */,
			);
			defaultConfigurationIsVisible = 0;
			defaultConfigurationName = Release;
		};
		6653AE6B247CC2CD00A91AD1 /* Build configuration list for PBXNativeTarget "MNLColor.watchOS" */ = {
			isa = XCConfigurationList;
			buildConfigurations = (
				6653AE6C247CC2CD00A91AD1 /* Debug */,
				6653AE6D247CC2CD00A91AD1 /* Release */,
			);
			defaultConfigurationIsVisible = 0;
			defaultConfigurationName = Release;
		};
		6653AE7D247CC50D00A91AD1 /* Build configuration list for PBXNativeTarget "MNLColor.tvOS" */ = {
			isa = XCConfigurationList;
			buildConfigurations = (
				6653AE7E247CC50D00A91AD1 /* Debug */,
				6653AE7F247CC50D00A91AD1 /* Release */,
			);
			defaultConfigurationIsVisible = 0;
			defaultConfigurationName = Release;
		};
		669371BE2135774C00A1CD5D /* Build configuration list for PBXProject "MNLColor" */ = {
			isa = XCConfigurationList;
			buildConfigurations = (
				669371BF2135774C00A1CD5D /* Debug */,
				669371C02135774C00A1CD5D /* Release */,
			);
			defaultConfigurationIsVisible = 0;
			defaultConfigurationName = Release;
		};
		669371CE21357EC800A1CD5D /* Build configuration list for PBXNativeTarget "MNLColor.iOS" */ = {
			isa = XCConfigurationList;
			buildConfigurations = (
				669371CF21357EC800A1CD5D /* Debug */,
				669371D021357EC800A1CD5D /* Release */,
			);
			defaultConfigurationIsVisible = 0;
			defaultConfigurationName = Release;
		};
/* End XCConfigurationList section */
	};
	rootObject = 669371BB2135774C00A1CD5D /* Project object */;
}
