// !$*UTF8*$!
{
	archiveVersion = 1;
	classes = {
	};
	objectVersion = 50;
	objects = {

/* Begin PBXBuildFile section */
		661468102136F83500EC4009 /* MNLColor.m in Sources */ = {isa = PBXBuildFile; fileRef = 669371D32135802600A1CD5D /* MNLColor.m */; };
		661468112136F83500EC4009 /* MNLColorPalette.m in Sources */ = {isa = PBXBuildFile; fileRef = 669371D52135D54F00A1CD5D /* MNLColorPalette.m */; };
		661468122136F83500EC4009 /* MNLIOSColorPalette.m in Sources */ = {isa = PBXBuildFile; fileRef = 669371D72135D8CB00A1CD5D /* MNLIOSColorPalette.m */; };
		661468132136F83500EC4009 /* MNLMacOSColorPalette.m in Sources */ = {isa = PBXBuildFile; fileRef = 669371DA2135EBDC00A1CD5D /* MNLMacOSColorPalette.m */; };
		661468142136F83500EC4009 /* MNLWatchOSColorPalette.m in Sources */ = {isa = PBXBuildFile; fileRef = 669371DC2135F1B200A1CD5D /* MNLWatchOSColorPalette.m */; };
		661468152136F83700EC4009 /* MNLColor.h in Headers */ = {isa = PBXBuildFile; fileRef = 669371D121357F7A00A1CD5D /* MNLColor.h */; settings = {ATTRIBUTES = (Public, ); }; };
		661C93BE213799DE005FEA7B /* MNLColor_iOSTests.swift in Sources */ = {isa = PBXBuildFile; fileRef = 661C93BD213799DE005FEA7B /* MNLColor_iOSTests.swift */; };
		661C93C0213799DE005FEA7B /* MNLColor.framework in Frameworks */ = {isa = PBXBuildFile; fileRef = 669371C821357EC800A1CD5D /* MNLColor.framework */; };
		6637F205213791320013BE4E /* MNL3BitColorPalette.m in Sources */ = {isa = PBXBuildFile; fileRef = 6637F204213791320013BE4E /* MNL3BitColorPalette.m */; };
		6637F206213791320013BE4E /* MNL3BitColorPalette.m in Sources */ = {isa = PBXBuildFile; fileRef = 6637F204213791320013BE4E /* MNL3BitColorPalette.m */; };
		669371D221357FAD00A1CD5D /* MNLColor.h in Headers */ = {isa = PBXBuildFile; fileRef = 669371D121357F7A00A1CD5D /* MNLColor.h */; settings = {ATTRIBUTES = (Public, ); }; };
		669371D42135802600A1CD5D /* MNLColor.m in Sources */ = {isa = PBXBuildFile; fileRef = 669371D32135802600A1CD5D /* MNLColor.m */; };
		669371D62135D54F00A1CD5D /* MNLColorPalette.m in Sources */ = {isa = PBXBuildFile; fileRef = 669371D52135D54F00A1CD5D /* MNLColorPalette.m */; };
		669371D82135D8CB00A1CD5D /* MNLIOSColorPalette.m in Sources */ = {isa = PBXBuildFile; fileRef = 669371D72135D8CB00A1CD5D /* MNLIOSColorPalette.m */; };
		669371DB2135EBDC00A1CD5D /* MNLMacOSColorPalette.m in Sources */ = {isa = PBXBuildFile; fileRef = 669371DA2135EBDC00A1CD5D /* MNLMacOSColorPalette.m */; };
		669371DD2135F1B200A1CD5D /* MNLWatchOSColorPalette.m in Sources */ = {isa = PBXBuildFile; fileRef = 669371DC2135F1B200A1CD5D /* MNLWatchOSColorPalette.m */; };
/* End PBXBuildFile section */

/* Begin PBXContainerItemProxy section */
		661C93C1213799DE005FEA7B /* PBXContainerItemProxy */ = {
			isa = PBXContainerItemProxy;
			containerPortal = 669371BB2135774C00A1CD5D /* Project object */;
			proxyType = 1;
			remoteGlobalIDString = 669371C721357EC800A1CD5D;
			remoteInfo = MNLColor.iOS;
		};
/* End PBXContainerItemProxy section */

/* Begin PBXFileReference section */
		661468082136F72F00EC4009 /* MNLColor.framework */ = {isa = PBXFileReference; explicitFileType = wrapper.framework; includeInIndex = 0; path = MNLColor.framework; sourceTree = BUILT_PRODUCTS_DIR; };
		661C93BB213799DE005FEA7B /* MNLColor.iOSTests.xctest */ = {isa = PBXFileReference; explicitFileType = wrapper.cfbundle; includeInIndex = 0; path = MNLColor.iOSTests.xctest; sourceTree = BUILT_PRODUCTS_DIR; };
		661C93BD213799DE005FEA7B /* MNLColor_iOSTests.swift */ = {isa = PBXFileReference; lastKnownFileType = sourcecode.swift; path = MNLColor_iOSTests.swift; sourceTree = "<group>"; };
		661C93BF213799DE005FEA7B /* Info.plist */ = {isa = PBXFileReference; lastKnownFileType = text.plist.xml; path = Info.plist; sourceTree = "<group>"; };
		6637F204213791320013BE4E /* MNL3BitColorPalette.m */ = {isa = PBXFileReference; lastKnownFileType = sourcecode.c.objc; path = MNL3BitColorPalette.m; sourceTree = "<group>"; };
		669371C821357EC800A1CD5D /* MNLColor.framework */ = {isa = PBXFileReference; explicitFileType = wrapper.framework; includeInIndex = 0; path = MNLColor.framework; sourceTree = BUILT_PRODUCTS_DIR; };
		669371D121357F7A00A1CD5D /* MNLColor.h */ = {isa = PBXFileReference; lastKnownFileType = sourcecode.c.h; path = MNLColor.h; sourceTree = "<group>"; };
		669371D32135802600A1CD5D /* MNLColor.m */ = {isa = PBXFileReference; lastKnownFileType = sourcecode.c.objc; path = MNLColor.m; sourceTree = "<group>"; };
		669371D52135D54F00A1CD5D /* MNLColorPalette.m */ = {isa = PBXFileReference; lastKnownFileType = sourcecode.c.objc; path = MNLColorPalette.m; sourceTree = "<group>"; };
		669371D72135D8CB00A1CD5D /* MNLIOSColorPalette.m */ = {isa = PBXFileReference; lastKnownFileType = sourcecode.c.objc; path = MNLIOSColorPalette.m; sourceTree = "<group>"; };
		669371D92135E3EB00A1CD5D /* MNLColorInternal.h */ = {isa = PBXFileReference; lastKnownFileType = sourcecode.c.h; path = MNLColorInternal.h; sourceTree = "<group>"; };
		669371DA2135EBDC00A1CD5D /* MNLMacOSColorPalette.m */ = {isa = PBXFileReference; lastKnownFileType = sourcecode.c.objc; path = MNLMacOSColorPalette.m; sourceTree = "<group>"; };
		669371DC2135F1B200A1CD5D /* MNLWatchOSColorPalette.m */ = {isa = PBXFileReference; lastKnownFileType = sourcecode.c.objc; path = MNLWatchOSColorPalette.m; sourceTree = "<group>"; };
/* End PBXFileReference section */

/* Begin PBXFrameworksBuildPhase section */
		661468052136F72F00EC4009 /* Frameworks */ = {
			isa = PBXFrameworksBuildPhase;
			buildActionMask = 2147483647;
			files = (
			);
			runOnlyForDeploymentPostprocessing = 0;
		};
		661C93B8213799DE005FEA7B /* Frameworks */ = {
			isa = PBXFrameworksBuildPhase;
			buildActionMask = 2147483647;
			files = (
				661C93C0213799DE005FEA7B /* MNLColor.framework in Frameworks */,
			);
			runOnlyForDeploymentPostprocessing = 0;
		};
		669371C521357EC800A1CD5D /* Frameworks */ = {
			isa = PBXFrameworksBuildPhase;
			buildActionMask = 2147483647;
			files = (
			);
			runOnlyForDeploymentPostprocessing = 0;
		};
/* End PBXFrameworksBuildPhase section */

/* Begin PBXGroup section */
		661C93BC213799DE005FEA7B /* MNLColor.iOSTests */ = {
			isa = PBXGroup;
			children = (
				661C93BD213799DE005FEA7B /* MNLColor_iOSTests.swift */,
				661C93BF213799DE005FEA7B /* Info.plist */,
			);
			path = MNLColor.iOSTests;
			sourceTree = "<group>";
		};
		669371BA2135774C00A1CD5D = {
			isa = PBXGroup;
			children = (
				669371CA21357EC800A1CD5D /* MNLColor */,
				661C93BC213799DE005FEA7B /* MNLColor.iOSTests */,
				669371C921357EC800A1CD5D /* Products */,
			);
			sourceTree = "<group>";
		};
		669371C921357EC800A1CD5D /* Products */ = {
			isa = PBXGroup;
			children = (
				669371C821357EC800A1CD5D /* MNLColor.framework */,
				661468082136F72F00EC4009 /* MNLColor.framework */,
				661C93BB213799DE005FEA7B /* MNLColor.iOSTests.xctest */,
			);
			name = Products;
			sourceTree = "<group>";
		};
		669371CA21357EC800A1CD5D /* MNLColor */ = {
			isa = PBXGroup;
			children = (
				669371D121357F7A00A1CD5D /* MNLColor.h */,
				669371D92135E3EB00A1CD5D /* MNLColorInternal.h */,
				669371D32135802600A1CD5D /* MNLColor.m */,
				669371D52135D54F00A1CD5D /* MNLColorPalette.m */,
				6637F204213791320013BE4E /* MNL3BitColorPalette.m */,
				669371D72135D8CB00A1CD5D /* MNLIOSColorPalette.m */,
				669371DA2135EBDC00A1CD5D /* MNLMacOSColorPalette.m */,
				669371DC2135F1B200A1CD5D /* MNLWatchOSColorPalette.m */,
			);
			path = MNLColor;
			sourceTree = "<group>";
		};
/* End PBXGroup section */

/* Begin PBXHeadersBuildPhase section */
		661468032136F72F00EC4009 /* Headers */ = {
			isa = PBXHeadersBuildPhase;
			buildActionMask = 2147483647;
			files = (
				661468152136F83700EC4009 /* MNLColor.h in Headers */,
			);
			runOnlyForDeploymentPostprocessing = 0;
		};
		669371C321357EC800A1CD5D /* Headers */ = {
			isa = PBXHeadersBuildPhase;
			buildActionMask = 2147483647;
			files = (
				669371D221357FAD00A1CD5D /* MNLColor.h in Headers */,
			);
			runOnlyForDeploymentPostprocessing = 0;
		};
/* End PBXHeadersBuildPhase section */

/* Begin PBXNativeTarget section */
		661468072136F72F00EC4009 /* MNLColor.macOS */ = {
			isa = PBXNativeTarget;
			buildConfigurationList = 6614680D2136F72F00EC4009 /* Build configuration list for PBXNativeTarget "MNLColor.macOS" */;
			buildPhases = (
				661468032136F72F00EC4009 /* Headers */,
				661468042136F72F00EC4009 /* Sources */,
				661468052136F72F00EC4009 /* Frameworks */,
				661468062136F72F00EC4009 /* Resources */,
			);
			buildRules = (
			);
			dependencies = (
			);
			name = MNLColor.macOS;
			productName = MNLColor;
			productReference = 661468082136F72F00EC4009 /* MNLColor.framework */;
			productType = "com.apple.product-type.framework";
		};
		661C93BA213799DE005FEA7B /* MNLColor.iOSTests */ = {
			isa = PBXNativeTarget;
			buildConfigurationList = 661C93C3213799DE005FEA7B /* Build configuration list for PBXNativeTarget "MNLColor.iOSTests" */;
			buildPhases = (
				661C93B7213799DE005FEA7B /* Sources */,
				661C93B8213799DE005FEA7B /* Frameworks */,
				661C93B9213799DE005FEA7B /* Resources */,
			);
			buildRules = (
			);
			dependencies = (
				661C93C2213799DE005FEA7B /* PBXTargetDependency */,
			);
			name = MNLColor.iOSTests;
			productName = MNLColor.iOSTests;
			productReference = 661C93BB213799DE005FEA7B /* MNLColor.iOSTests.xctest */;
			productType = "com.apple.product-type.bundle.unit-test";
		};
		669371C721357EC800A1CD5D /* MNLColor.iOS */ = {
			isa = PBXNativeTarget;
			buildConfigurationList = 669371CE21357EC800A1CD5D /* Build configuration list for PBXNativeTarget "MNLColor.iOS" */;
			buildPhases = (
				669371C321357EC800A1CD5D /* Headers */,
				669371C421357EC800A1CD5D /* Sources */,
				669371C521357EC800A1CD5D /* Frameworks */,
				669371C621357EC800A1CD5D /* Resources */,
			);
			buildRules = (
			);
			dependencies = (
			);
			name = MNLColor.iOS;
			productName = MNLColor;
			productReference = 669371C821357EC800A1CD5D /* MNLColor.framework */;
			productType = "com.apple.product-type.framework";
		};
/* End PBXNativeTarget section */

/* Begin PBXProject section */
		669371BB2135774C00A1CD5D /* Project object */ = {
			isa = PBXProject;
			attributes = {
				LastSwiftUpdateCheck = 1000;
				LastUpgradeCheck = 1000;
				TargetAttributes = {
					661468072136F72F00EC4009 = {
						CreatedOnToolsVersion = 10.0;
					};
					661C93BA213799DE005FEA7B = {
						CreatedOnToolsVersion = 10.0;
					};
					669371C721357EC800A1CD5D = {
						CreatedOnToolsVersion = 10.0;
					};
				};
			};
			buildConfigurationList = 669371BE2135774C00A1CD5D /* Build configuration list for PBXProject "MNLColor" */;
			compatibilityVersion = "Xcode 9.3";
			developmentRegion = en;
			hasScannedForEncodings = 0;
			knownRegions = (
				en,
			);
			mainGroup = 669371BA2135774C00A1CD5D;
			productRefGroup = 669371C921357EC800A1CD5D /* Products */;
			projectDirPath = "";
			projectRoot = "";
			targets = (
				669371C721357EC800A1CD5D /* MNLColor.iOS */,
				661468072136F72F00EC4009 /* MNLColor.macOS */,
				661C93BA213799DE005FEA7B /* MNLColor.iOSTests */,
			);
		};
/* End PBXProject section */

/* Begin PBXResourcesBuildPhase section */
		661468062136F72F00EC4009 /* Resources */ = {
			isa = PBXResourcesBuildPhase;
			buildActionMask = 2147483647;
			files = (
			);
			runOnlyForDeploymentPostprocessing = 0;
		};
		661C93B9213799DE005FEA7B /* Resources */ = {
			isa = PBXResourcesBuildPhase;
			buildActionMask = 2147483647;
			files = (
			);
			runOnlyForDeploymentPostprocessing = 0;
		};
		669371C621357EC800A1CD5D /* Resources */ = {
			isa = PBXResourcesBuildPhase;
			buildActionMask = 2147483647;
			files = (
			);
			runOnlyForDeploymentPostprocessing = 0;
		};
/* End PBXResourcesBuildPhase section */

/* Begin PBXSourcesBuildPhase section */
		661468042136F72F00EC4009 /* Sources */ = {
			isa = PBXSourcesBuildPhase;
			buildActionMask = 2147483647;
			files = (
				661468122136F83500EC4009 /* MNLIOSColorPalette.m in Sources */,
				661468132136F83500EC4009 /* MNLMacOSColorPalette.m in Sources */,
				661468102136F83500EC4009 /* MNLColor.m in Sources */,
				6637F206213791320013BE4E /* MNL3BitColorPalette.m in Sources */,
				661468112136F83500EC4009 /* MNLColorPalette.m in Sources */,
				661468142136F83500EC4009 /* MNLWatchOSColorPalette.m in Sources */,
			);
			runOnlyForDeploymentPostprocessing = 0;
		};
		661C93B7213799DE005FEA7B /* Sources */ = {
			isa = PBXSourcesBuildPhase;
			buildActionMask = 2147483647;
			files = (
				661C93BE213799DE005FEA7B /* MNLColor_iOSTests.swift in Sources */,
			);
			runOnlyForDeploymentPostprocessing = 0;
		};
		669371C421357EC800A1CD5D /* Sources */ = {
			isa = PBXSourcesBuildPhase;
			buildActionMask = 2147483647;
			files = (
				669371D82135D8CB00A1CD5D /* MNLIOSColorPalette.m in Sources */,
				669371DB2135EBDC00A1CD5D /* MNLMacOSColorPalette.m in Sources */,
				669371D42135802600A1CD5D /* MNLColor.m in Sources */,
				6637F205213791320013BE4E /* MNL3BitColorPalette.m in Sources */,
				669371D62135D54F00A1CD5D /* MNLColorPalette.m in Sources */,
				669371DD2135F1B200A1CD5D /* MNLWatchOSColorPalette.m in Sources */,
			);
			runOnlyForDeploymentPostprocessing = 0;
		};
/* End PBXSourcesBuildPhase section */

/* Begin PBXTargetDependency section */
		661C93C2213799DE005FEA7B /* PBXTargetDependency */ = {
			isa = PBXTargetDependency;
			target = 669371C721357EC800A1CD5D /* MNLColor.iOS */;
			targetProxy = 661C93C1213799DE005FEA7B /* PBXContainerItemProxy */;
		};
/* End PBXTargetDependency section */

/* Begin XCBuildConfiguration section */
		6614680E2136F72F00EC4009 /* Debug */ = {
			isa = XCBuildConfiguration;
			buildSettings = {
				ALWAYS_SEARCH_USER_PATHS = NO;
				CLANG_ANALYZER_NONNULL = YES;
				CLANG_ANALYZER_NUMBER_OBJECT_CONVERSION = YES_AGGRESSIVE;
				CLANG_CXX_LANGUAGE_STANDARD = "gnu++14";
				CLANG_CXX_LIBRARY = "libc++";
				CLANG_ENABLE_MODULES = YES;
				CLANG_ENABLE_OBJC_ARC = YES;
				CLANG_ENABLE_OBJC_WEAK = YES;
				CLANG_WARN_BLOCK_CAPTURE_AUTORELEASING = YES;
				CLANG_WARN_BOOL_CONVERSION = YES;
				CLANG_WARN_COMMA = YES;
				CLANG_WARN_CONSTANT_CONVERSION = YES;
				CLANG_WARN_DEPRECATED_OBJC_IMPLEMENTATIONS = YES;
				CLANG_WARN_DIRECT_OBJC_ISA_USAGE = YES_ERROR;
				CLANG_WARN_DOCUMENTATION_COMMENTS = YES;
				CLANG_WARN_EMPTY_BODY = YES;
				CLANG_WARN_ENUM_CONVERSION = YES;
				CLANG_WARN_INFINITE_RECURSION = YES;
				CLANG_WARN_INT_CONVERSION = YES;
				CLANG_WARN_NON_LITERAL_NULL_CONVERSION = YES;
				CLANG_WARN_OBJC_IMPLICIT_RETAIN_SELF = YES;
				CLANG_WARN_OBJC_LITERAL_CONVERSION = YES;
				CLANG_WARN_OBJC_ROOT_CLASS = YES_ERROR;
				CLANG_WARN_RANGE_LOOP_ANALYSIS = YES;
				CLANG_WARN_STRICT_PROTOTYPES = YES;
				CLANG_WARN_SUSPICIOUS_MOVE = YES;
				CLANG_WARN_UNGUARDED_AVAILABILITY = YES_AGGRESSIVE;
				CLANG_WARN_UNREACHABLE_CODE = YES;
				CLANG_WARN__DUPLICATE_METHOD_MATCH = YES;
				CODE_SIGN_IDENTITY = "-";
				CODE_SIGN_STYLE = Automatic;
				COMBINE_HIDPI_IMAGES = YES;
				COPY_PHASE_STRIP = NO;
				DEBUG_INFORMATION_FORMAT = dwarf;
				DEFINES_MODULE = YES;
				DYLIB_COMPATIBILITY_VERSION = 1;
				DYLIB_CURRENT_VERSION = 1;
				DYLIB_INSTALL_NAME_BASE = "@rpath";
				ENABLE_STRICT_OBJC_MSGSEND = YES;
				ENABLE_TESTABILITY = YES;
				FRAMEWORK_VERSION = A;
				GCC_C_LANGUAGE_STANDARD = gnu11;
				GCC_DYNAMIC_NO_PIC = NO;
				GCC_NO_COMMON_BLOCKS = YES;
				GCC_OPTIMIZATION_LEVEL = 0;
				GCC_PREPROCESSOR_DEFINITIONS = (
					"DEBUG=1",
					"$(inherited)",
				);
				GCC_WARN_64_TO_32_BIT_CONVERSION = YES;
				GCC_WARN_ABOUT_RETURN_TYPE = YES_ERROR;
				GCC_WARN_UNDECLARED_SELECTOR = YES;
				GCC_WARN_UNINITIALIZED_AUTOS = YES_AGGRESSIVE;
				GCC_WARN_UNUSED_FUNCTION = YES;
				GCC_WARN_UNUSED_VARIABLE = YES;
				INFOPLIST_FILE = MNLColor.xcodeproj/Info.plist;
				INSTALL_PATH = "$(LOCAL_LIBRARY_DIR)/Frameworks";
				LD_RUNPATH_SEARCH_PATHS = (
					"$(inherited)",
					"@executable_path/../Frameworks",
					"@loader_path/Frameworks",
				);
				MTL_ENABLE_DEBUG_INFO = INCLUDE_SOURCE;
				ONLY_ACTIVE_ARCH = YES;
				PRODUCT_BUNDLE_IDENTIFIER = moe.minacle.dl.macos.MNLColor;
				PRODUCT_NAME = "$(PROJECT_NAME)";
				SDKROOT = macosx;
				SKIP_INSTALL = YES;
				VERSION_INFO_PREFIX = "";
			};
			name = Debug;
		};
		6614680F2136F72F00EC4009 /* Release */ = {
			isa = XCBuildConfiguration;
			buildSettings = {
				ALWAYS_SEARCH_USER_PATHS = NO;
				CLANG_ANALYZER_NONNULL = YES;
				CLANG_ANALYZER_NUMBER_OBJECT_CONVERSION = YES_AGGRESSIVE;
				CLANG_CXX_LANGUAGE_STANDARD = "gnu++14";
				CLANG_CXX_LIBRARY = "libc++";
				CLANG_ENABLE_MODULES = YES;
				CLANG_ENABLE_OBJC_ARC = YES;
				CLANG_ENABLE_OBJC_WEAK = YES;
				CLANG_WARN_BLOCK_CAPTURE_AUTORELEASING = YES;
				CLANG_WARN_BOOL_CONVERSION = YES;
				CLANG_WARN_COMMA = YES;
				CLANG_WARN_CONSTANT_CONVERSION = YES;
				CLANG_WARN_DEPRECATED_OBJC_IMPLEMENTATIONS = YES;
				CLANG_WARN_DIRECT_OBJC_ISA_USAGE = YES_ERROR;
				CLANG_WARN_DOCUMENTATION_COMMENTS = YES;
				CLANG_WARN_EMPTY_BODY = YES;
				CLANG_WARN_ENUM_CONVERSION = YES;
				CLANG_WARN_INFINITE_RECURSION = YES;
				CLANG_WARN_INT_CONVERSION = YES;
				CLANG_WARN_NON_LITERAL_NULL_CONVERSION = YES;
				CLANG_WARN_OBJC_IMPLICIT_RETAIN_SELF = YES;
				CLANG_WARN_OBJC_LITERAL_CONVERSION = YES;
				CLANG_WARN_OBJC_ROOT_CLASS = YES_ERROR;
				CLANG_WARN_RANGE_LOOP_ANALYSIS = YES;
				CLANG_WARN_STRICT_PROTOTYPES = YES;
				CLANG_WARN_SUSPICIOUS_MOVE = YES;
				CLANG_WARN_UNGUARDED_AVAILABILITY = YES_AGGRESSIVE;
				CLANG_WARN_UNREACHABLE_CODE = YES;
				CLANG_WARN__DUPLICATE_METHOD_MATCH = YES;
				CODE_SIGN_IDENTITY = "-";
				CODE_SIGN_STYLE = Automatic;
				COMBINE_HIDPI_IMAGES = YES;
				COPY_PHASE_STRIP = NO;
				DEBUG_INFORMATION_FORMAT = "dwarf-with-dsym";
				DEFINES_MODULE = YES;
				DYLIB_COMPATIBILITY_VERSION = 1;
				DYLIB_CURRENT_VERSION = 1;
				DYLIB_INSTALL_NAME_BASE = "@rpath";
				ENABLE_NS_ASSERTIONS = NO;
				ENABLE_STRICT_OBJC_MSGSEND = YES;
				FRAMEWORK_VERSION = A;
				GCC_C_LANGUAGE_STANDARD = gnu11;
				GCC_NO_COMMON_BLOCKS = YES;
				GCC_WARN_64_TO_32_BIT_CONVERSION = YES;
				GCC_WARN_ABOUT_RETURN_TYPE = YES_ERROR;
				GCC_WARN_UNDECLARED_SELECTOR = YES;
				GCC_WARN_UNINITIALIZED_AUTOS = YES_AGGRESSIVE;
				GCC_WARN_UNUSED_FUNCTION = YES;
				GCC_WARN_UNUSED_VARIABLE = YES;
				INFOPLIST_FILE = MNLColor.xcodeproj/Info.plist;
				INSTALL_PATH = "$(LOCAL_LIBRARY_DIR)/Frameworks";
				LD_RUNPATH_SEARCH_PATHS = (
					"$(inherited)",
					"@executable_path/../Frameworks",
					"@loader_path/Frameworks",
				);
				MTL_ENABLE_DEBUG_INFO = NO;
				PRODUCT_BUNDLE_IDENTIFIER = moe.minacle.dl.macos.MNLColor;
				PRODUCT_NAME = "$(PROJECT_NAME)";
				SDKROOT = macosx;
				SKIP_INSTALL = YES;
				VERSION_INFO_PREFIX = "";
			};
			name = Release;
		};
		661C93C4213799DE005FEA7B /* Debug */ = {
			isa = XCBuildConfiguration;
			buildSettings = {
				ALWAYS_SEARCH_USER_PATHS = NO;
				CLANG_ANALYZER_NONNULL = YES;
				CLANG_ANALYZER_NUMBER_OBJECT_CONVERSION = YES_AGGRESSIVE;
				CLANG_CXX_LANGUAGE_STANDARD = "gnu++14";
				CLANG_CXX_LIBRARY = "libc++";
				CLANG_ENABLE_MODULES = YES;
				CLANG_ENABLE_OBJC_ARC = YES;
				CLANG_ENABLE_OBJC_WEAK = YES;
				CLANG_WARN_BLOCK_CAPTURE_AUTORELEASING = YES;
				CLANG_WARN_BOOL_CONVERSION = YES;
				CLANG_WARN_COMMA = YES;
				CLANG_WARN_CONSTANT_CONVERSION = YES;
				CLANG_WARN_DEPRECATED_OBJC_IMPLEMENTATIONS = YES;
				CLANG_WARN_DIRECT_OBJC_ISA_USAGE = YES_ERROR;
				CLANG_WARN_DOCUMENTATION_COMMENTS = YES;
				CLANG_WARN_EMPTY_BODY = YES;
				CLANG_WARN_ENUM_CONVERSION = YES;
				CLANG_WARN_INFINITE_RECURSION = YES;
				CLANG_WARN_INT_CONVERSION = YES;
				CLANG_WARN_NON_LITERAL_NULL_CONVERSION = YES;
				CLANG_WARN_OBJC_IMPLICIT_RETAIN_SELF = YES;
				CLANG_WARN_OBJC_LITERAL_CONVERSION = YES;
				CLANG_WARN_OBJC_ROOT_CLASS = YES_ERROR;
				CLANG_WARN_RANGE_LOOP_ANALYSIS = YES;
				CLANG_WARN_STRICT_PROTOTYPES = YES;
				CLANG_WARN_SUSPICIOUS_MOVE = YES;
				CLANG_WARN_UNGUARDED_AVAILABILITY = YES_AGGRESSIVE;
				CLANG_WARN_UNREACHABLE_CODE = YES;
				CLANG_WARN__DUPLICATE_METHOD_MATCH = YES;
				CODE_SIGN_IDENTITY = "iPhone Developer";
				CODE_SIGN_STYLE = Automatic;
				COPY_PHASE_STRIP = NO;
				CURRENT_PROJECT_VERSION = "";
				DEBUG_INFORMATION_FORMAT = dwarf;
				ENABLE_STRICT_OBJC_MSGSEND = YES;
				ENABLE_TESTABILITY = YES;
				GCC_C_LANGUAGE_STANDARD = gnu11;
				GCC_DYNAMIC_NO_PIC = NO;
				GCC_NO_COMMON_BLOCKS = YES;
				GCC_OPTIMIZATION_LEVEL = 0;
				GCC_PREPROCESSOR_DEFINITIONS = (
					"DEBUG=1",
					"$(inherited)",
				);
				GCC_WARN_64_TO_32_BIT_CONVERSION = YES;
				GCC_WARN_ABOUT_RETURN_TYPE = YES_ERROR;
				GCC_WARN_UNDECLARED_SELECTOR = YES;
				GCC_WARN_UNINITIALIZED_AUTOS = YES_AGGRESSIVE;
				GCC_WARN_UNUSED_FUNCTION = YES;
				GCC_WARN_UNUSED_VARIABLE = YES;
				INFOPLIST_FILE = MNLColor.iOSTests/Info.plist;
				IPHONEOS_DEPLOYMENT_TARGET = 12.0;
				LD_RUNPATH_SEARCH_PATHS = (
					"$(inherited)",
					"@executable_path/Frameworks",
					"@loader_path/Frameworks",
				);
				MTL_ENABLE_DEBUG_INFO = INCLUDE_SOURCE;
				MTL_FAST_MATH = YES;
				ONLY_ACTIVE_ARCH = YES;
				PRODUCT_BUNDLE_IDENTIFIER = "moe.minacle.MNLColor-iOSTests";
				PRODUCT_NAME = "$(TARGET_NAME)";
				SDKROOT = iphoneos;
				SWIFT_ACTIVE_COMPILATION_CONDITIONS = DEBUG;
				SWIFT_OPTIMIZATION_LEVEL = "-Onone";
				SWIFT_VERSION = 4.2;
				TARGETED_DEVICE_FAMILY = "1,2";
				VERSIONING_SYSTEM = "";
			};
			name = Debug;
		};
		661C93C5213799DE005FEA7B /* Release */ = {
			isa = XCBuildConfiguration;
			buildSettings = {
				ALWAYS_SEARCH_USER_PATHS = NO;
				CLANG_ANALYZER_NONNULL = YES;
				CLANG_ANALYZER_NUMBER_OBJECT_CONVERSION = YES_AGGRESSIVE;
				CLANG_CXX_LANGUAGE_STANDARD = "gnu++14";
				CLANG_CXX_LIBRARY = "libc++";
				CLANG_ENABLE_MODULES = YES;
				CLANG_ENABLE_OBJC_ARC = YES;
				CLANG_ENABLE_OBJC_WEAK = YES;
				CLANG_WARN_BLOCK_CAPTURE_AUTORELEASING = YES;
				CLANG_WARN_BOOL_CONVERSION = YES;
				CLANG_WARN_COMMA = YES;
				CLANG_WARN_CONSTANT_CONVERSION = YES;
				CLANG_WARN_DEPRECATED_OBJC_IMPLEMENTATIONS = YES;
				CLANG_WARN_DIRECT_OBJC_ISA_USAGE = YES_ERROR;
				CLANG_WARN_DOCUMENTATION_COMMENTS = YES;
				CLANG_WARN_EMPTY_BODY = YES;
				CLANG_WARN_ENUM_CONVERSION = YES;
				CLANG_WARN_INFINITE_RECURSION = YES;
				CLANG_WARN_INT_CONVERSION = YES;
				CLANG_WARN_NON_LITERAL_NULL_CONVERSION = YES;
				CLANG_WARN_OBJC_IMPLICIT_RETAIN_SELF = YES;
				CLANG_WARN_OBJC_LITERAL_CONVERSION = YES;
				CLANG_WARN_OBJC_ROOT_CLASS = YES_ERROR;
				CLANG_WARN_RANGE_LOOP_ANALYSIS = YES;
				CLANG_WARN_STRICT_PROTOTYPES = YES;
				CLANG_WARN_SUSPICIOUS_MOVE = YES;
				CLANG_WARN_UNGUARDED_AVAILABILITY = YES_AGGRESSIVE;
				CLANG_WARN_UNREACHABLE_CODE = YES;
				CLANG_WARN__DUPLICATE_METHOD_MATCH = YES;
				CODE_SIGN_IDENTITY = "iPhone Developer";
				CODE_SIGN_STYLE = Automatic;
				COPY_PHASE_STRIP = NO;
				CURRENT_PROJECT_VERSION = "";
				DEBUG_INFORMATION_FORMAT = "dwarf-with-dsym";
				ENABLE_NS_ASSERTIONS = NO;
				ENABLE_STRICT_OBJC_MSGSEND = YES;
				GCC_C_LANGUAGE_STANDARD = gnu11;
				GCC_NO_COMMON_BLOCKS = YES;
				GCC_WARN_64_TO_32_BIT_CONVERSION = YES;
				GCC_WARN_ABOUT_RETURN_TYPE = YES_ERROR;
				GCC_WARN_UNDECLARED_SELECTOR = YES;
				GCC_WARN_UNINITIALIZED_AUTOS = YES_AGGRESSIVE;
				GCC_WARN_UNUSED_FUNCTION = YES;
				GCC_WARN_UNUSED_VARIABLE = YES;
				INFOPLIST_FILE = MNLColor.iOSTests/Info.plist;
				IPHONEOS_DEPLOYMENT_TARGET = 12.0;
				LD_RUNPATH_SEARCH_PATHS = (
					"$(inherited)",
					"@executable_path/Frameworks",
					"@loader_path/Frameworks",
				);
				MTL_ENABLE_DEBUG_INFO = NO;
				MTL_FAST_MATH = YES;
				PRODUCT_BUNDLE_IDENTIFIER = "moe.minacle.MNLColor-iOSTests";
				PRODUCT_NAME = "$(TARGET_NAME)";
				SDKROOT = iphoneos;
				SWIFT_COMPILATION_MODE = wholemodule;
				SWIFT_OPTIMIZATION_LEVEL = "-O";
				SWIFT_VERSION = 4.2;
				TARGETED_DEVICE_FAMILY = "1,2";
				VALIDATE_PRODUCT = YES;
				VERSIONING_SYSTEM = "";
			};
			name = Release;
		};
		669371BF2135774C00A1CD5D /* Debug */ = {
			isa = XCBuildConfiguration;
			buildSettings = {
				CURRENT_PROJECT_VERSION = 2;
				IPHONEOS_DEPLOYMENT_TARGET = 10.0;
				MACOSX_DEPLOYMENT_TARGET = 10.12;
				VERSIONING_SYSTEM = "apple-generic";
			};
			name = Debug;
		};
		669371C02135774C00A1CD5D /* Release */ = {
			isa = XCBuildConfiguration;
			buildSettings = {
				CURRENT_PROJECT_VERSION = 2;
				IPHONEOS_DEPLOYMENT_TARGET = 10.0;
				MACOSX_DEPLOYMENT_TARGET = 10.12;
				VERSIONING_SYSTEM = "apple-generic";
			};
			name = Release;
		};
		669371CF21357EC800A1CD5D /* Debug */ = {
			isa = XCBuildConfiguration;
			buildSettings = {
				ALWAYS_SEARCH_USER_PATHS = NO;
				CLANG_ANALYZER_NONNULL = YES;
				CLANG_ANALYZER_NUMBER_OBJECT_CONVERSION = YES_AGGRESSIVE;
				CLANG_CXX_LANGUAGE_STANDARD = "gnu++14";
				CLANG_CXX_LIBRARY = "libc++";
				CLANG_ENABLE_MODULES = YES;
				CLANG_ENABLE_OBJC_ARC = YES;
				CLANG_ENABLE_OBJC_WEAK = YES;
				CLANG_WARN_BLOCK_CAPTURE_AUTORELEASING = YES;
				CLANG_WARN_BOOL_CONVERSION = YES;
				CLANG_WARN_COMMA = YES;
				CLANG_WARN_CONSTANT_CONVERSION = YES;
				CLANG_WARN_DEPRECATED_OBJC_IMPLEMENTATIONS = YES;
				CLANG_WARN_DIRECT_OBJC_ISA_USAGE = YES_ERROR;
				CLANG_WARN_DOCUMENTATION_COMMENTS = YES;
				CLANG_WARN_EMPTY_BODY = YES;
				CLANG_WARN_ENUM_CONVERSION = YES;
				CLANG_WARN_INFINITE_RECURSION = YES;
				CLANG_WARN_INT_CONVERSION = YES;
				CLANG_WARN_NON_LITERAL_NULL_CONVERSION = YES;
				CLANG_WARN_OBJC_IMPLICIT_RETAIN_SELF = YES;
				CLANG_WARN_OBJC_LITERAL_CONVERSION = YES;
				CLANG_WARN_OBJC_ROOT_CLASS = YES_ERROR;
				CLANG_WARN_RANGE_LOOP_ANALYSIS = YES;
				CLANG_WARN_STRICT_PROTOTYPES = YES;
				CLANG_WARN_SUSPICIOUS_MOVE = YES;
				CLANG_WARN_UNGUARDED_AVAILABILITY = YES_AGGRESSIVE;
				CLANG_WARN_UNREACHABLE_CODE = YES;
				CLANG_WARN__DUPLICATE_METHOD_MATCH = YES;
				CODE_SIGN_IDENTITY = "iPhone Developer";
				CODE_SIGN_STYLE = Automatic;
				COPY_PHASE_STRIP = NO;
				DEBUG_INFORMATION_FORMAT = dwarf;
				DEFINES_MODULE = YES;
				DYLIB_COMPATIBILITY_VERSION = 1;
				DYLIB_CURRENT_VERSION = 1;
				DYLIB_INSTALL_NAME_BASE = "@rpath";
				ENABLE_STRICT_OBJC_MSGSEND = YES;
				ENABLE_TESTABILITY = YES;
				GCC_C_LANGUAGE_STANDARD = gnu11;
				GCC_DYNAMIC_NO_PIC = NO;
				GCC_NO_COMMON_BLOCKS = YES;
				GCC_OPTIMIZATION_LEVEL = 0;
				GCC_PREPROCESSOR_DEFINITIONS = (
					"DEBUG=1",
					"$(inherited)",
				);
				GCC_WARN_64_TO_32_BIT_CONVERSION = YES;
				GCC_WARN_ABOUT_RETURN_TYPE = YES_ERROR;
				GCC_WARN_UNDECLARED_SELECTOR = YES;
				GCC_WARN_UNINITIALIZED_AUTOS = YES_AGGRESSIVE;
				GCC_WARN_UNUSED_FUNCTION = YES;
				GCC_WARN_UNUSED_VARIABLE = YES;
				INFOPLIST_FILE = MNLColor.xcodeproj/Info.plist;
				INSTALL_PATH = "$(LOCAL_LIBRARY_DIR)/Frameworks";
				LD_RUNPATH_SEARCH_PATHS = (
					"$(inherited)",
					"@executable_path/Frameworks",
					"@loader_path/Frameworks",
				);
				MTL_ENABLE_DEBUG_INFO = INCLUDE_SOURCE;
				ONLY_ACTIVE_ARCH = YES;
				PRODUCT_BUNDLE_IDENTIFIER = moe.minacle.dl.ios.MNLColor;
				PRODUCT_NAME = "$(PROJECT_NAME)";
				SDKROOT = iphoneos;
				SKIP_INSTALL = YES;
				TARGETED_DEVICE_FAMILY = "1,2";
				VERSION_INFO_PREFIX = "";
			};
			name = Debug;
		};
		669371D021357EC800A1CD5D /* Release */ = {
			isa = XCBuildConfiguration;
			buildSettings = {
				ALWAYS_SEARCH_USER_PATHS = NO;
				CLANG_ANALYZER_NONNULL = YES;
				CLANG_ANALYZER_NUMBER_OBJECT_CONVERSION = YES_AGGRESSIVE;
				CLANG_CXX_LANGUAGE_STANDARD = "gnu++14";
				CLANG_CXX_LIBRARY = "libc++";
				CLANG_ENABLE_MODULES = YES;
				CLANG_ENABLE_OBJC_ARC = YES;
				CLANG_ENABLE_OBJC_WEAK = YES;
				CLANG_WARN_BLOCK_CAPTURE_AUTORELEASING = YES;
				CLANG_WARN_BOOL_CONVERSION = YES;
				CLANG_WARN_COMMA = YES;
				CLANG_WARN_CONSTANT_CONVERSION = YES;
				CLANG_WARN_DEPRECATED_OBJC_IMPLEMENTATIONS = YES;
				CLANG_WARN_DIRECT_OBJC_ISA_USAGE = YES_ERROR;
				CLANG_WARN_DOCUMENTATION_COMMENTS = YES;
				CLANG_WARN_EMPTY_BODY = YES;
				CLANG_WARN_ENUM_CONVERSION = YES;
				CLANG_WARN_INFINITE_RECURSION = YES;
				CLANG_WARN_INT_CONVERSION = YES;
				CLANG_WARN_NON_LITERAL_NULL_CONVERSION = YES;
				CLANG_WARN_OBJC_IMPLICIT_RETAIN_SELF = YES;
				CLANG_WARN_OBJC_LITERAL_CONVERSION = YES;
				CLANG_WARN_OBJC_ROOT_CLASS = YES_ERROR;
				CLANG_WARN_RANGE_LOOP_ANALYSIS = YES;
				CLANG_WARN_STRICT_PROTOTYPES = YES;
				CLANG_WARN_SUSPICIOUS_MOVE = YES;
				CLANG_WARN_UNGUARDED_AVAILABILITY = YES_AGGRESSIVE;
				CLANG_WARN_UNREACHABLE_CODE = YES;
				CLANG_WARN__DUPLICATE_METHOD_MATCH = YES;
				CODE_SIGN_IDENTITY = "iPhone Developer";
				CODE_SIGN_STYLE = Automatic;
				COPY_PHASE_STRIP = NO;
				DEBUG_INFORMATION_FORMAT = "dwarf-with-dsym";
				DEFINES_MODULE = YES;
				DYLIB_COMPATIBILITY_VERSION = 1;
				DYLIB_CURRENT_VERSION = 1;
				DYLIB_INSTALL_NAME_BASE = "@rpath";
				ENABLE_NS_ASSERTIONS = NO;
				ENABLE_STRICT_OBJC_MSGSEND = YES;
				GCC_C_LANGUAGE_STANDARD = gnu11;
				GCC_NO_COMMON_BLOCKS = YES;
				GCC_WARN_64_TO_32_BIT_CONVERSION = YES;
				GCC_WARN_ABOUT_RETURN_TYPE = YES_ERROR;
				GCC_WARN_UNDECLARED_SELECTOR = YES;
				GCC_WARN_UNINITIALIZED_AUTOS = YES_AGGRESSIVE;
				GCC_WARN_UNUSED_FUNCTION = YES;
				GCC_WARN_UNUSED_VARIABLE = YES;
				INFOPLIST_FILE = MNLColor.xcodeproj/Info.plist;
				INSTALL_PATH = "$(LOCAL_LIBRARY_DIR)/Frameworks";
				LD_RUNPATH_SEARCH_PATHS = (
					"$(inherited)",
					"@executable_path/Frameworks",
					"@loader_path/Frameworks",
				);
				MTL_ENABLE_DEBUG_INFO = NO;
				PRODUCT_BUNDLE_IDENTIFIER = moe.minacle.dl.ios.MNLColor;
				PRODUCT_NAME = "$(PROJECT_NAME)";
				SDKROOT = iphoneos;
				SKIP_INSTALL = YES;
				TARGETED_DEVICE_FAMILY = "1,2";
				VALIDATE_PRODUCT = YES;
				VERSION_INFO_PREFIX = "";
			};
			name = Release;
		};
/* End XCBuildConfiguration section */

/* Begin XCConfigurationList section */
		6614680D2136F72F00EC4009 /* Build configuration list for PBXNativeTarget "MNLColor.macOS" */ = {
			isa = XCConfigurationList;
			buildConfigurations = (
				6614680E2136F72F00EC4009 /* Debug */,
				6614680F2136F72F00EC4009 /* Release */,
			);
			defaultConfigurationIsVisible = 0;
			defaultConfigurationName = Release;
		};
		661C93C3213799DE005FEA7B /* Build configuration list for PBXNativeTarget "MNLColor.iOSTests" */ = {
			isa = XCConfigurationList;
			buildConfigurations = (
				661C93C4213799DE005FEA7B /* Debug */,
				661C93C5213799DE005FEA7B /* Release */,
			);
			defaultConfigurationIsVisible = 0;
			defaultConfigurationName = Release;
		};
		669371BE2135774C00A1CD5D /* Build configuration list for PBXProject "MNLColor" */ = {
			isa = XCConfigurationList;
			buildConfigurations = (
				669371BF2135774C00A1CD5D /* Debug */,
				669371C02135774C00A1CD5D /* Release */,
			);
			defaultConfigurationIsVisible = 0;
			defaultConfigurationName = Release;
		};
		669371CE21357EC800A1CD5D /* Build configuration list for PBXNativeTarget "MNLColor.iOS" */ = {
			isa = XCConfigurationList;
			buildConfigurations = (
				669371CF21357EC800A1CD5D /* Debug */,
				669371D021357EC800A1CD5D /* Release */,
			);
			defaultConfigurationIsVisible = 0;
			defaultConfigurationName = Release;
		};
/* End XCConfigurationList section */
	};
	rootObject = 669371BB2135774C00A1CD5D /* Project object */;
}
